
Microsoft Visual Studio Solution File, Format Version 12.00
# Visual Studio Version 16
VisualStudioVersion = 16.0.30114.105
MinimumVisualStudioVersion = 10.0.40219.1
Project("{2150E333-8FDC-42A3-9474-1A3956D46DE8}") = "Microservices", "Microservices", "{3FF1A2F9-7377-4E09-A5DD-589EDB8AEFA5}"
EndProject
Project("{2150E333-8FDC-42A3-9474-1A3956D46DE8}") = "Domain", "Domain", "{44987C71-0466-4AF2-8F11-657DA955AD27}"
EndProject
Project("{2150E333-8FDC-42A3-9474-1A3956D46DE8}") = "Infra.Bus", "Infra.Bus", "{4C480D9A-F33F-421E-83D2-36006E655CFE}"
EndProject
Project("{2150E333-8FDC-42A3-9474-1A3956D46DE8}") = "Infra.IoC", "Infra.IoC", "{76D85FCA-204A-4E1C-BC66-A2B9ABD9B7BE}"
EndProject
Project("{2150E333-8FDC-42A3-9474-1A3956D46DE8}") = "Presentation", "Presentation", "{058D8272-FD3E-4BE7-B99C-8D8092F88CCF}"
EndProject
Project("{9A19103F-16F7-4668-BE54-9A1E7A4F7556}") = "MicroRabbit.Domain.Core", "MicroRabbit.Domain.Core\MicroRabbit.Domain.Core.csproj", "{A9FBDAB1-5571-48B7-8554-477ED7F03130}"
EndProject
Project("{9A19103F-16F7-4668-BE54-9A1E7A4F7556}") = "MicroRabbit.Infra.Bus", "MicroRabbit.Infra.Bus\MicroRabbit.Infra.Bus.csproj", "{48862E27-09DD-4D49-B53A-2205245149CF}"
EndProject
Project("{9A19103F-16F7-4668-BE54-9A1E7A4F7556}") = "MicroRabbit.Infra.IoC", "MicroRabbit.Infra.IoC\MicroRabbit.Infra.IoC.csproj", "{FD59423D-F5C8-482B-9E79-803F6F0728C9}"
EndProject
Project("{2150E333-8FDC-42A3-9474-1A3956D46DE8}") = "Banking", "Banking", "{C01F979A-5AAC-4EF8-8CEA-04063B7DF6D6}"
EndProject
Project("{2150E333-8FDC-42A3-9474-1A3956D46DE8}") = "API", "API", "{9B52BA42-F35B-414B-A0ED-CF4D23875AEC}"
EndProject
Project("{2150E333-8FDC-42A3-9474-1A3956D46DE8}") = "Domain", "Domain", "{E527D3C1-B920-48C7-A213-AFE79B4E333E}"
EndProject
Project("{2150E333-8FDC-42A3-9474-1A3956D46DE8}") = "Data", "Data", "{FD27C8E1-C050-4D58-A321-F0B00ADD3339}"
EndProject
Project("{2150E333-8FDC-42A3-9474-1A3956D46DE8}") = "Application", "Application", "{85C615C7-13B4-4773-A1B4-BBA6F77486F7}"
EndProject
Project("{FAE04EC0-301F-11D3-BF4B-00C04F79EFBC}") = "MicroRabbit.Banking.API", "MicroRabbit.Banking.API\MicroRabbit.Banking.API.csproj", "{4187A5C7-3FC4-48DB-81F1-842CE1AEEDA0}"
EndProject
Project("{FAE04EC0-301F-11D3-BF4B-00C04F79EFBC}") = "MicroRabbit.Banking.Application", "MicroRabbit.Banking.Application\MicroRabbit.Banking.Application.csproj", "{336490E1-8BA5-41EC-9BF6-B653884253D9}"
EndProject
Project("{FAE04EC0-301F-11D3-BF4B-00C04F79EFBC}") = "MicroRabbit.Banking.Data", "MicroRabbit.Banking.Data\MicroRabbit.Banking.Data.csproj", "{423F3CAB-B0C1-4794-829F-CE26EB701BCE}"
EndProject
Project("{FAE04EC0-301F-11D3-BF4B-00C04F79EFBC}") = "MicroRabbit.Banking.Domain", "MicroRabbit.Banking.Domain\MicroRabbit.Banking.Domain.csproj", "{28932DA9-5B58-4F7E-BB20-6DCEA0994B23}"
EndProject
Global
	GlobalSection(SolutionConfigurationPlatforms) = preSolution
		Debug|Any CPU = Debug|Any CPU
		Release|Any CPU = Release|Any CPU
	EndGlobalSection
	GlobalSection(ProjectConfigurationPlatforms) = postSolution
		{A9FBDAB1-5571-48B7-8554-477ED7F03130}.Debug|Any CPU.ActiveCfg = Debug|Any CPU
		{A9FBDAB1-5571-48B7-8554-477ED7F03130}.Debug|Any CPU.Build.0 = Debug|Any CPU
		{A9FBDAB1-5571-48B7-8554-477ED7F03130}.Release|Any CPU.ActiveCfg = Release|Any CPU
		{A9FBDAB1-5571-48B7-8554-477ED7F03130}.Release|Any CPU.Build.0 = Release|Any CPU
		{48862E27-09DD-4D49-B53A-2205245149CF}.Debug|Any CPU.ActiveCfg = Debug|Any CPU
		{48862E27-09DD-4D49-B53A-2205245149CF}.Debug|Any CPU.Build.0 = Debug|Any CPU
		{48862E27-09DD-4D49-B53A-2205245149CF}.Release|Any CPU.ActiveCfg = Release|Any CPU
		{48862E27-09DD-4D49-B53A-2205245149CF}.Release|Any CPU.Build.0 = Release|Any CPU
		{FD59423D-F5C8-482B-9E79-803F6F0728C9}.Debug|Any CPU.ActiveCfg = Debug|Any CPU
		{FD59423D-F5C8-482B-9E79-803F6F0728C9}.Debug|Any CPU.Build.0 = Debug|Any CPU
		{FD59423D-F5C8-482B-9E79-803F6F0728C9}.Release|Any CPU.ActiveCfg = Release|Any CPU
		{FD59423D-F5C8-482B-9E79-803F6F0728C9}.Release|Any CPU.Build.0 = Release|Any CPU
		{4187A5C7-3FC4-48DB-81F1-842CE1AEEDA0}.Debug|Any CPU.ActiveCfg = Debug|Any CPU
		{4187A5C7-3FC4-48DB-81F1-842CE1AEEDA0}.Debug|Any CPU.Build.0 = Debug|Any CPU
		{4187A5C7-3FC4-48DB-81F1-842CE1AEEDA0}.Release|Any CPU.ActiveCfg = Release|Any CPU
		{4187A5C7-3FC4-48DB-81F1-842CE1AEEDA0}.Release|Any CPU.Build.0 = Release|Any CPU
		{336490E1-8BA5-41EC-9BF6-B653884253D9}.Debug|Any CPU.ActiveCfg = Debug|Any CPU
		{336490E1-8BA5-41EC-9BF6-B653884253D9}.Debug|Any CPU.Build.0 = Debug|Any CPU
		{336490E1-8BA5-41EC-9BF6-B653884253D9}.Release|Any CPU.ActiveCfg = Release|Any CPU
		{336490E1-8BA5-41EC-9BF6-B653884253D9}.Release|Any CPU.Build.0 = Release|Any CPU
		{423F3CAB-B0C1-4794-829F-CE26EB701BCE}.Debug|Any CPU.ActiveCfg = Debug|Any CPU
		{423F3CAB-B0C1-4794-829F-CE26EB701BCE}.Debug|Any CPU.Build.0 = Debug|Any CPU
		{423F3CAB-B0C1-4794-829F-CE26EB701BCE}.Release|Any CPU.ActiveCfg = Release|Any CPU
		{423F3CAB-B0C1-4794-829F-CE26EB701BCE}.Release|Any CPU.Build.0 = Release|Any CPU
		{28932DA9-5B58-4F7E-BB20-6DCEA0994B23}.Debug|Any CPU.ActiveCfg = Debug|Any CPU
		{28932DA9-5B58-4F7E-BB20-6DCEA0994B23}.Debug|Any CPU.Build.0 = Debug|Any CPU
		{28932DA9-5B58-4F7E-BB20-6DCEA0994B23}.Release|Any CPU.ActiveCfg = Release|Any CPU
		{28932DA9-5B58-4F7E-BB20-6DCEA0994B23}.Release|Any CPU.Build.0 = Release|Any CPU
	EndGlobalSection
	GlobalSection(SolutionProperties) = preSolution
		HideSolutionNode = FALSE
	EndGlobalSection
	GlobalSection(NestedProjects) = preSolution
		{A9FBDAB1-5571-48B7-8554-477ED7F03130} = {44987C71-0466-4AF2-8F11-657DA955AD27}
		{48862E27-09DD-4D49-B53A-2205245149CF} = {4C480D9A-F33F-421E-83D2-36006E655CFE}
		{FD59423D-F5C8-482B-9E79-803F6F0728C9} = {76D85FCA-204A-4E1C-BC66-A2B9ABD9B7BE}
		{C01F979A-5AAC-4EF8-8CEA-04063B7DF6D6} = {3FF1A2F9-7377-4E09-A5DD-589EDB8AEFA5}
		{9B52BA42-F35B-414B-A0ED-CF4D23875AEC} = {C01F979A-5AAC-4EF8-8CEA-04063B7DF6D6}
		{E527D3C1-B920-48C7-A213-AFE79B4E333E} = {C01F979A-5AAC-4EF8-8CEA-04063B7DF6D6}
		{FD27C8E1-C050-4D58-A321-F0B00ADD3339} = {C01F979A-5AAC-4EF8-8CEA-04063B7DF6D6}
		{85C615C7-13B4-4773-A1B4-BBA6F77486F7} = {C01F979A-5AAC-4EF8-8CEA-04063B7DF6D6}
		{4187A5C7-3FC4-48DB-81F1-842CE1AEEDA0} = {9B52BA42-F35B-414B-A0ED-CF4D23875AEC}
		{336490E1-8BA5-41EC-9BF6-B653884253D9} = {85C615C7-13B4-4773-A1B4-BBA6F77486F7}
		{423F3CAB-B0C1-4794-829F-CE26EB701BCE} = {FD27C8E1-C050-4D58-A321-F0B00ADD3339}
		{28932DA9-5B58-4F7E-BB20-6DCEA0994B23} = {E527D3C1-B920-48C7-A213-AFE79B4E333E}
	EndGlobalSection
	GlobalSection(ExtensibilityGlobals) = postSolution
		SolutionGuid = {04489BE6-8180-48C3-8D21-5701C33F5462}
	EndGlobalSection
EndGlobal
